// !$*UTF8*$!
{
	archiveVersion = 1;
	classes = {
	};
	objectVersion = 55;
	objects = {

/* Begin PBXBuildFile section */
		53DA653B271C6A8E007A0422 /* Salamba_KalaApp.swift in Sources */ = {isa = PBXBuildFile; fileRef = 53DA653A271C6A8E007A0422 /* Salamba_KalaApp.swift */; };
		53DA653D271C6A8E007A0422 /* ContentView.swift in Sources */ = {isa = PBXBuildFile; fileRef = 53DA653C271C6A8E007A0422 /* ContentView.swift */; };
		53DA653F271C6A91007A0422 /* Assets.xcassets in Resources */ = {isa = PBXBuildFile; fileRef = 53DA653E271C6A91007A0422 /* Assets.xcassets */; };
		53DA6542271C6A91007A0422 /* Preview Assets.xcassets in Resources */ = {isa = PBXBuildFile; fileRef = 53DA6541271C6A91007A0422 /* Preview Assets.xcassets */; };
		53DA6546271C6A91007A0422 /* Salamba Kala WatchKit App.app in Embed Watch Content */ = {isa = PBXBuildFile; fileRef = 53DA6545271C6A91007A0422 /* Salamba Kala WatchKit App.app */; settings = {ATTRIBUTES = (RemoveHeadersOnCopy, ); }; };
		53DA654B271C6A93007A0422 /* Assets.xcassets in Resources */ = {isa = PBXBuildFile; fileRef = 53DA654A271C6A93007A0422 /* Assets.xcassets */; };
		53DA6551271C6A93007A0422 /* Salamba Kala WatchKit Extension.appex in Embed App Extensions */ = {isa = PBXBuildFile; fileRef = 53DA6550271C6A93007A0422 /* Salamba Kala WatchKit Extension.appex */; settings = {ATTRIBUTES = (RemoveHeadersOnCopy, ); }; };
		53DA6556271C6A93007A0422 /* Salamba_KalaApp.swift in Sources */ = {isa = PBXBuildFile; fileRef = 53DA6555271C6A93007A0422 /* Salamba_KalaApp.swift */; };
		53DA6558271C6A93007A0422 /* ContentView.swift in Sources */ = {isa = PBXBuildFile; fileRef = 53DA6557271C6A93007A0422 /* ContentView.swift */; };
		53DA655A271C6A93007A0422 /* NotificationController.swift in Sources */ = {isa = PBXBuildFile; fileRef = 53DA6559271C6A93007A0422 /* NotificationController.swift */; };
		53DA655C271C6A93007A0422 /* NotificationView.swift in Sources */ = {isa = PBXBuildFile; fileRef = 53DA655B271C6A93007A0422 /* NotificationView.swift */; };
		53DA655E271C6A93007A0422 /* ComplicationController.swift in Sources */ = {isa = PBXBuildFile; fileRef = 53DA655D271C6A93007A0422 /* ComplicationController.swift */; };
		53DA6560271C6A94007A0422 /* Assets.xcassets in Resources */ = {isa = PBXBuildFile; fileRef = 53DA655F271C6A94007A0422 /* Assets.xcassets */; };
		53DA6563271C6A94007A0422 /* Preview Assets.xcassets in Resources */ = {isa = PBXBuildFile; fileRef = 53DA6562271C6A94007A0422 /* Preview Assets.xcassets */; };
		53DA6574271C6C7C007A0422 /* StopWatchManager.swift in Sources */ = {isa = PBXBuildFile; fileRef = 53DA6573271C6C7C007A0422 /* StopWatchManager.swift */; };
/* End PBXBuildFile section */

/* Begin PBXContainerItemProxy section */
		53DA6547271C6A91007A0422 /* PBXContainerItemProxy */ = {
			isa = PBXContainerItemProxy;
			containerPortal = 53DA652F271C6A8E007A0422 /* Project object */;
			proxyType = 1;
			remoteGlobalIDString = 53DA6544271C6A91007A0422;
			remoteInfo = "Salamba Kala WatchKit App";
		};
		53DA6552271C6A93007A0422 /* PBXContainerItemProxy */ = {
			isa = PBXContainerItemProxy;
			containerPortal = 53DA652F271C6A8E007A0422 /* Project object */;
			proxyType = 1;
			remoteGlobalIDString = 53DA654F271C6A93007A0422;
			remoteInfo = "Salamba Kala WatchKit Extension";
		};
/* End PBXContainerItemProxy section */

/* Begin PBXCopyFilesBuildPhase section */
		53DA656B271C6A94007A0422 /* Embed App Extensions */ = {
			isa = PBXCopyFilesBuildPhase;
			buildActionMask = 2147483647;
			dstPath = "";
			dstSubfolderSpec = 13;
			files = (
				53DA6551271C6A93007A0422 /* Salamba Kala WatchKit Extension.appex in Embed App Extensions */,
			);
			name = "Embed App Extensions";
			runOnlyForDeploymentPostprocessing = 0;
		};
		53DA656F271C6A94007A0422 /* Embed Watch Content */ = {
			isa = PBXCopyFilesBuildPhase;
			buildActionMask = 2147483647;
			dstPath = "$(CONTENTS_FOLDER_PATH)/Watch";
			dstSubfolderSpec = 16;
			files = (
				53DA6546271C6A91007A0422 /* Salamba Kala WatchKit App.app in Embed Watch Content */,
			);
			name = "Embed Watch Content";
			runOnlyForDeploymentPostprocessing = 0;
		};
/* End PBXCopyFilesBuildPhase section */

/* Begin PBXFileReference section */
		53DA6537271C6A8E007A0422 /* Salamba Kala.app */ = {isa = PBXFileReference; explicitFileType = wrapper.application; includeInIndex = 0; path = "Salamba Kala.app"; sourceTree = BUILT_PRODUCTS_DIR; };
		53DA653A271C6A8E007A0422 /* Salamba_KalaApp.swift */ = {isa = PBXFileReference; lastKnownFileType = sourcecode.swift; path = Salamba_KalaApp.swift; sourceTree = "<group>"; };
		53DA653C271C6A8E007A0422 /* ContentView.swift */ = {isa = PBXFileReference; lastKnownFileType = sourcecode.swift; path = ContentView.swift; sourceTree = "<group>"; };
		53DA653E271C6A91007A0422 /* Assets.xcassets */ = {isa = PBXFileReference; lastKnownFileType = folder.assetcatalog; path = Assets.xcassets; sourceTree = "<group>"; };
		53DA6541271C6A91007A0422 /* Preview Assets.xcassets */ = {isa = PBXFileReference; lastKnownFileType = folder.assetcatalog; path = "Preview Assets.xcassets"; sourceTree = "<group>"; };
		53DA6545271C6A91007A0422 /* Salamba Kala WatchKit App.app */ = {isa = PBXFileReference; explicitFileType = wrapper.application; includeInIndex = 0; path = "Salamba Kala WatchKit App.app"; sourceTree = BUILT_PRODUCTS_DIR; };
		53DA654A271C6A93007A0422 /* Assets.xcassets */ = {isa = PBXFileReference; lastKnownFileType = folder.assetcatalog; path = Assets.xcassets; sourceTree = "<group>"; };
		53DA6550271C6A93007A0422 /* Salamba Kala WatchKit Extension.appex */ = {isa = PBXFileReference; explicitFileType = "wrapper.app-extension"; includeInIndex = 0; path = "Salamba Kala WatchKit Extension.appex"; sourceTree = BUILT_PRODUCTS_DIR; };
		53DA6555271C6A93007A0422 /* Salamba_KalaApp.swift */ = {isa = PBXFileReference; lastKnownFileType = sourcecode.swift; path = Salamba_KalaApp.swift; sourceTree = "<group>"; };
		53DA6557271C6A93007A0422 /* ContentView.swift */ = {isa = PBXFileReference; lastKnownFileType = sourcecode.swift; path = ContentView.swift; sourceTree = "<group>"; };
		53DA6559271C6A93007A0422 /* NotificationController.swift */ = {isa = PBXFileReference; lastKnownFileType = sourcecode.swift; path = NotificationController.swift; sourceTree = "<group>"; };
		53DA655B271C6A93007A0422 /* NotificationView.swift */ = {isa = PBXFileReference; lastKnownFileType = sourcecode.swift; path = NotificationView.swift; sourceTree = "<group>"; };
		53DA655D271C6A93007A0422 /* ComplicationController.swift */ = {isa = PBXFileReference; lastKnownFileType = sourcecode.swift; path = ComplicationController.swift; sourceTree = "<group>"; };
		53DA655F271C6A94007A0422 /* Assets.xcassets */ = {isa = PBXFileReference; lastKnownFileType = folder.assetcatalog; path = Assets.xcassets; sourceTree = "<group>"; };
		53DA6562271C6A94007A0422 /* Preview Assets.xcassets */ = {isa = PBXFileReference; lastKnownFileType = folder.assetcatalog; path = "Preview Assets.xcassets"; sourceTree = "<group>"; };
		53DA6564271C6A94007A0422 /* Info.plist */ = {isa = PBXFileReference; lastKnownFileType = text.plist.xml; path = Info.plist; sourceTree = "<group>"; };
		53DA6565271C6A94007A0422 /* PushNotificationPayload.apns */ = {isa = PBXFileReference; lastKnownFileType = text; path = PushNotificationPayload.apns; sourceTree = "<group>"; };
		53DA6573271C6C7C007A0422 /* StopWatchManager.swift */ = {isa = PBXFileReference; lastKnownFileType = sourcecode.swift; path = StopWatchManager.swift; sourceTree = "<group>"; };
/* End PBXFileReference section */

/* Begin PBXFrameworksBuildPhase section */
		53DA6534271C6A8E007A0422 /* Frameworks */ = {
			isa = PBXFrameworksBuildPhase;
			buildActionMask = 2147483647;
			files = (
			);
			runOnlyForDeploymentPostprocessing = 0;
		};
		53DA654D271C6A93007A0422 /* Frameworks */ = {
			isa = PBXFrameworksBuildPhase;
			buildActionMask = 2147483647;
			files = (
			);
			runOnlyForDeploymentPostprocessing = 0;
		};
/* End PBXFrameworksBuildPhase section */

/* Begin PBXGroup section */
		53DA652E271C6A8E007A0422 = {
			isa = PBXGroup;
			children = (
				53DA6539271C6A8E007A0422 /* Salamba Kala */,
				53DA6549271C6A91007A0422 /* Salamba Kala WatchKit App */,
				53DA6554271C6A93007A0422 /* Salamba Kala WatchKit Extension */,
				53DA6538271C6A8E007A0422 /* Products */,
			);
			sourceTree = "<group>";
		};
		53DA6538271C6A8E007A0422 /* Products */ = {
			isa = PBXGroup;
			children = (
				53DA6537271C6A8E007A0422 /* Salamba Kala.app */,
				53DA6545271C6A91007A0422 /* Salamba Kala WatchKit App.app */,
				53DA6550271C6A93007A0422 /* Salamba Kala WatchKit Extension.appex */,
			);
			name = Products;
			sourceTree = "<group>";
		};
		53DA6539271C6A8E007A0422 /* Salamba Kala */ = {
			isa = PBXGroup;
			children = (
				53DA653A271C6A8E007A0422 /* Salamba_KalaApp.swift */,
				53DA653C271C6A8E007A0422 /* ContentView.swift */,
				53DA653E271C6A91007A0422 /* Assets.xcassets */,
				53DA6540271C6A91007A0422 /* Preview Content */,
				53DA6573271C6C7C007A0422 /* StopWatchManager.swift */,
			);
			path = "Salamba Kala";
			sourceTree = "<group>";
		};
		53DA6540271C6A91007A0422 /* Preview Content */ = {
			isa = PBXGroup;
			children = (
				53DA6541271C6A91007A0422 /* Preview Assets.xcassets */,
			);
			path = "Preview Content";
			sourceTree = "<group>";
		};
		53DA6549271C6A91007A0422 /* Salamba Kala WatchKit App */ = {
			isa = PBXGroup;
			children = (
				53DA654A271C6A93007A0422 /* Assets.xcassets */,
			);
			path = "Salamba Kala WatchKit App";
			sourceTree = "<group>";
		};
		53DA6554271C6A93007A0422 /* Salamba Kala WatchKit Extension */ = {
			isa = PBXGroup;
			children = (
				53DA6555271C6A93007A0422 /* Salamba_KalaApp.swift */,
				53DA6557271C6A93007A0422 /* ContentView.swift */,
				53DA6559271C6A93007A0422 /* NotificationController.swift */,
				53DA655B271C6A93007A0422 /* NotificationView.swift */,
				53DA655D271C6A93007A0422 /* ComplicationController.swift */,
				53DA655F271C6A94007A0422 /* Assets.xcassets */,
				53DA6564271C6A94007A0422 /* Info.plist */,
				53DA6565271C6A94007A0422 /* PushNotificationPayload.apns */,
				53DA6561271C6A94007A0422 /* Preview Content */,
			);
			path = "Salamba Kala WatchKit Extension";
			sourceTree = "<group>";
		};
		53DA6561271C6A94007A0422 /* Preview Content */ = {
			isa = PBXGroup;
			children = (
				53DA6562271C6A94007A0422 /* Preview Assets.xcassets */,
			);
			path = "Preview Content";
			sourceTree = "<group>";
		};
/* End PBXGroup section */

/* Begin PBXNativeTarget section */
		53DA6536271C6A8E007A0422 /* Salamba Kala */ = {
			isa = PBXNativeTarget;
			buildConfigurationList = 53DA6570271C6A94007A0422 /* Build configuration list for PBXNativeTarget "Salamba Kala" */;
			buildPhases = (
				53DA6533271C6A8E007A0422 /* Sources */,
				53DA6534271C6A8E007A0422 /* Frameworks */,
				53DA6535271C6A8E007A0422 /* Resources */,
				53DA656F271C6A94007A0422 /* Embed Watch Content */,
			);
			buildRules = (
			);
			dependencies = (
				53DA6548271C6A91007A0422 /* PBXTargetDependency */,
			);
			name = "Salamba Kala";
			productName = "Salamba Kala";
			productReference = 53DA6537271C6A8E007A0422 /* Salamba Kala.app */;
			productType = "com.apple.product-type.application";
		};
		53DA6544271C6A91007A0422 /* Salamba Kala WatchKit App */ = {
			isa = PBXNativeTarget;
			buildConfigurationList = 53DA656C271C6A94007A0422 /* Build configuration list for PBXNativeTarget "Salamba Kala WatchKit App" */;
			buildPhases = (
				53DA6543271C6A91007A0422 /* Resources */,
				53DA656B271C6A94007A0422 /* Embed App Extensions */,
			);
			buildRules = (
			);
			dependencies = (
				53DA6553271C6A93007A0422 /* PBXTargetDependency */,
			);
			name = "Salamba Kala WatchKit App";
			productName = "Salamba Kala WatchKit App";
			productReference = 53DA6545271C6A91007A0422 /* Salamba Kala WatchKit App.app */;
			productType = "com.apple.product-type.application.watchapp2";
		};
		53DA654F271C6A93007A0422 /* Salamba Kala WatchKit Extension */ = {
			isa = PBXNativeTarget;
			buildConfigurationList = 53DA6568271C6A94007A0422 /* Build configuration list for PBXNativeTarget "Salamba Kala WatchKit Extension" */;
			buildPhases = (
				53DA654C271C6A93007A0422 /* Sources */,
				53DA654D271C6A93007A0422 /* Frameworks */,
				53DA654E271C6A93007A0422 /* Resources */,
			);
			buildRules = (
			);
			dependencies = (
			);
			name = "Salamba Kala WatchKit Extension";
			productName = "Salamba Kala WatchKit Extension";
			productReference = 53DA6550271C6A93007A0422 /* Salamba Kala WatchKit Extension.appex */;
			productType = "com.apple.product-type.watchkit2-extension";
		};
/* End PBXNativeTarget section */

/* Begin PBXProject section */
		53DA652F271C6A8E007A0422 /* Project object */ = {
			isa = PBXProject;
			attributes = {
				BuildIndependentTargetsInParallel = 1;
				LastSwiftUpdateCheck = 1300;
				LastUpgradeCheck = 1300;
				TargetAttributes = {
					53DA6536271C6A8E007A0422 = {
						CreatedOnToolsVersion = 13.0;
					};
					53DA6544271C6A91007A0422 = {
						CreatedOnToolsVersion = 13.0;
					};
					53DA654F271C6A93007A0422 = {
						CreatedOnToolsVersion = 13.0;
					};
				};
			};
			buildConfigurationList = 53DA6532271C6A8E007A0422 /* Build configuration list for PBXProject "Salamba Kala" */;
			compatibilityVersion = "Xcode 13.0";
			developmentRegion = en;
			hasScannedForEncodings = 0;
			knownRegions = (
				en,
				Base,
			);
			mainGroup = 53DA652E271C6A8E007A0422;
			productRefGroup = 53DA6538271C6A8E007A0422 /* Products */;
			projectDirPath = "";
			projectRoot = "";
			targets = (
				53DA6536271C6A8E007A0422 /* Salamba Kala */,
				53DA6544271C6A91007A0422 /* Salamba Kala WatchKit App */,
				53DA654F271C6A93007A0422 /* Salamba Kala WatchKit Extension */,
			);
		};
/* End PBXProject section */

/* Begin PBXResourcesBuildPhase section */
		53DA6535271C6A8E007A0422 /* Resources */ = {
			isa = PBXResourcesBuildPhase;
			buildActionMask = 2147483647;
			files = (
				53DA6542271C6A91007A0422 /* Preview Assets.xcassets in Resources */,
				53DA653F271C6A91007A0422 /* Assets.xcassets in Resources */,
			);
			runOnlyForDeploymentPostprocessing = 0;
		};
		53DA6543271C6A91007A0422 /* Resources */ = {
			isa = PBXResourcesBuildPhase;
			buildActionMask = 2147483647;
			files = (
				53DA654B271C6A93007A0422 /* Assets.xcassets in Resources */,
			);
			runOnlyForDeploymentPostprocessing = 0;
		};
		53DA654E271C6A93007A0422 /* Resources */ = {
			isa = PBXResourcesBuildPhase;
			buildActionMask = 2147483647;
			files = (
				53DA6563271C6A94007A0422 /* Preview Assets.xcassets in Resources */,
				53DA6560271C6A94007A0422 /* Assets.xcassets in Resources */,
			);
			runOnlyForDeploymentPostprocessing = 0;
		};
/* End PBXResourcesBuildPhase section */

/* Begin PBXSourcesBuildPhase section */
		53DA6533271C6A8E007A0422 /* Sources */ = {
			isa = PBXSourcesBuildPhase;
			buildActionMask = 2147483647;
			files = (
				53DA653D271C6A8E007A0422 /* ContentView.swift in Sources */,
				53DA6574271C6C7C007A0422 /* StopWatchManager.swift in Sources */,
				53DA653B271C6A8E007A0422 /* Salamba_KalaApp.swift in Sources */,
			);
			runOnlyForDeploymentPostprocessing = 0;
		};
		53DA654C271C6A93007A0422 /* Sources */ = {
			isa = PBXSourcesBuildPhase;
			buildActionMask = 2147483647;
			files = (
				53DA655A271C6A93007A0422 /* NotificationController.swift in Sources */,
				53DA6558271C6A93007A0422 /* ContentView.swift in Sources */,
				53DA655E271C6A93007A0422 /* ComplicationController.swift in Sources */,
				53DA6556271C6A93007A0422 /* Salamba_KalaApp.swift in Sources */,
				53DA655C271C6A93007A0422 /* NotificationView.swift in Sources */,
			);
			runOnlyForDeploymentPostprocessing = 0;
		};
/* End PBXSourcesBuildPhase section */

/* Begin PBXTargetDependency section */
		53DA6548271C6A91007A0422 /* PBXTargetDependency */ = {
			isa = PBXTargetDependency;
			target = 53DA6544271C6A91007A0422 /* Salamba Kala WatchKit App */;
			targetProxy = 53DA6547271C6A91007A0422 /* PBXContainerItemProxy */;
		};
		53DA6553271C6A93007A0422 /* PBXTargetDependency */ = {
			isa = PBXTargetDependency;
			target = 53DA654F271C6A93007A0422 /* Salamba Kala WatchKit Extension */;
			targetProxy = 53DA6552271C6A93007A0422 /* PBXContainerItemProxy */;
		};
/* End PBXTargetDependency section */

/* Begin XCBuildConfiguration section */
		53DA6566271C6A94007A0422 /* Debug */ = {
			isa = XCBuildConfiguration;
			buildSettings = {
				ALWAYS_SEARCH_USER_PATHS = NO;
				CLANG_ANALYZER_NONNULL = YES;
				CLANG_ANALYZER_NUMBER_OBJECT_CONVERSION = YES_AGGRESSIVE;
				CLANG_CXX_LANGUAGE_STANDARD = "gnu++17";
				CLANG_CXX_LIBRARY = "libc++";
				CLANG_ENABLE_MODULES = YES;
				CLANG_ENABLE_OBJC_ARC = YES;
				CLANG_ENABLE_OBJC_WEAK = YES;
				CLANG_WARN_BLOCK_CAPTURE_AUTORELEASING = YES;
				CLANG_WARN_BOOL_CONVERSION = YES;
				CLANG_WARN_COMMA = YES;
				CLANG_WARN_CONSTANT_CONVERSION = YES;
				CLANG_WARN_DEPRECATED_OBJC_IMPLEMENTATIONS = YES;
				CLANG_WARN_DIRECT_OBJC_ISA_USAGE = YES_ERROR;
				CLANG_WARN_DOCUMENTATION_COMMENTS = YES;
				CLANG_WARN_EMPTY_BODY = YES;
				CLANG_WARN_ENUM_CONVERSION = YES;
				CLANG_WARN_INFINITE_RECURSION = YES;
				CLANG_WARN_INT_CONVERSION = YES;
				CLANG_WARN_NON_LITERAL_NULL_CONVERSION = YES;
				CLANG_WARN_OBJC_IMPLICIT_RETAIN_SELF = YES;
				CLANG_WARN_OBJC_LITERAL_CONVERSION = YES;
				CLANG_WARN_OBJC_ROOT_CLASS = YES_ERROR;
				CLANG_WARN_QUOTED_INCLUDE_IN_FRAMEWORK_HEADER = YES;
				CLANG_WARN_RANGE_LOOP_ANALYSIS = YES;
				CLANG_WARN_STRICT_PROTOTYPES = YES;
				CLANG_WARN_SUSPICIOUS_MOVE = YES;
				CLANG_WARN_UNGUARDED_AVAILABILITY = YES_AGGRESSIVE;
				CLANG_WARN_UNREACHABLE_CODE = YES;
				CLANG_WARN__DUPLICATE_METHOD_MATCH = YES;
				COPY_PHASE_STRIP = NO;
				DEBUG_INFORMATION_FORMAT = dwarf;
				ENABLE_STRICT_OBJC_MSGSEND = YES;
				ENABLE_TESTABILITY = YES;
				GCC_C_LANGUAGE_STANDARD = gnu11;
				GCC_DYNAMIC_NO_PIC = NO;
				GCC_NO_COMMON_BLOCKS = YES;
				GCC_OPTIMIZATION_LEVEL = 0;
				GCC_PREPROCESSOR_DEFINITIONS = (
					"DEBUG=1",
					"$(inherited)",
				);
				GCC_WARN_64_TO_32_BIT_CONVERSION = YES;
				GCC_WARN_ABOUT_RETURN_TYPE = YES_ERROR;
				GCC_WARN_UNDECLARED_SELECTOR = YES;
				GCC_WARN_UNINITIALIZED_AUTOS = YES_AGGRESSIVE;
				GCC_WARN_UNUSED_FUNCTION = YES;
				GCC_WARN_UNUSED_VARIABLE = YES;
				MTL_ENABLE_DEBUG_INFO = INCLUDE_SOURCE;
				MTL_FAST_MATH = YES;
				ONLY_ACTIVE_ARCH = YES;
				SWIFT_ACTIVE_COMPILATION_CONDITIONS = DEBUG;
				SWIFT_OPTIMIZATION_LEVEL = "-Onone";
			};
			name = Debug;
		};
		53DA6567271C6A94007A0422 /* Release */ = {
			isa = XCBuildConfiguration;
			buildSettings = {
				ALWAYS_SEARCH_USER_PATHS = NO;
				CLANG_ANALYZER_NONNULL = YES;
				CLANG_ANALYZER_NUMBER_OBJECT_CONVERSION = YES_AGGRESSIVE;
				CLANG_CXX_LANGUAGE_STANDARD = "gnu++17";
				CLANG_CXX_LIBRARY = "libc++";
				CLANG_ENABLE_MODULES = YES;
				CLANG_ENABLE_OBJC_ARC = YES;
				CLANG_ENABLE_OBJC_WEAK = YES;
				CLANG_WARN_BLOCK_CAPTURE_AUTORELEASING = YES;
				CLANG_WARN_BOOL_CONVERSION = YES;
				CLANG_WARN_COMMA = YES;
				CLANG_WARN_CONSTANT_CONVERSION = YES;
				CLANG_WARN_DEPRECATED_OBJC_IMPLEMENTATIONS = YES;
				CLANG_WARN_DIRECT_OBJC_ISA_USAGE = YES_ERROR;
				CLANG_WARN_DOCUMENTATION_COMMENTS = YES;
				CLANG_WARN_EMPTY_BODY = YES;
				CLANG_WARN_ENUM_CONVERSION = YES;
				CLANG_WARN_INFINITE_RECURSION = YES;
				CLANG_WARN_INT_CONVERSION = YES;
				CLANG_WARN_NON_LITERAL_NULL_CONVERSION = YES;
				CLANG_WARN_OBJC_IMPLICIT_RETAIN_SELF = YES;
				CLANG_WARN_OBJC_LITERAL_CONVERSION = YES;
				CLANG_WARN_OBJC_ROOT_CLASS = YES_ERROR;
				CLANG_WARN_QUOTED_INCLUDE_IN_FRAMEWORK_HEADER = YES;
				CLANG_WARN_RANGE_LOOP_ANALYSIS = YES;
				CLANG_WARN_STRICT_PROTOTYPES = YES;
				CLANG_WARN_SUSPICIOUS_MOVE = YES;
				CLANG_WARN_UNGUARDED_AVAILABILITY = YES_AGGRESSIVE;
				CLANG_WARN_UNREACHABLE_CODE = YES;
				CLANG_WARN__DUPLICATE_METHOD_MATCH = YES;
				COPY_PHASE_STRIP = NO;
				DEBUG_INFORMATION_FORMAT = "dwarf-with-dsym";
				ENABLE_NS_ASSERTIONS = NO;
				ENABLE_STRICT_OBJC_MSGSEND = YES;
				GCC_C_LANGUAGE_STANDARD = gnu11;
				GCC_NO_COMMON_BLOCKS = YES;
				GCC_WARN_64_TO_32_BIT_CONVERSION = YES;
				GCC_WARN_ABOUT_RETURN_TYPE = YES_ERROR;
				GCC_WARN_UNDECLARED_SELECTOR = YES;
				GCC_WARN_UNINITIALIZED_AUTOS = YES_AGGRESSIVE;
				GCC_WARN_UNUSED_FUNCTION = YES;
				GCC_WARN_UNUSED_VARIABLE = YES;
				MTL_ENABLE_DEBUG_INFO = NO;
				MTL_FAST_MATH = YES;
				SWIFT_COMPILATION_MODE = wholemodule;
				SWIFT_OPTIMIZATION_LEVEL = "-O";
			};
			name = Release;
		};
		53DA6569271C6A94007A0422 /* Debug */ = {
			isa = XCBuildConfiguration;
			buildSettings = {
				ASSETCATALOG_COMPILER_COMPLICATION_NAME = Complication;
				CODE_SIGN_STYLE = Automatic;
				CURRENT_PROJECT_VERSION = 1;
				DEVELOPMENT_ASSET_PATHS = "\"Salamba Kala WatchKit Extension/Preview Content\"";
				DEVELOPMENT_TEAM = Y94Y2JXNHC;
				ENABLE_PREVIEWS = YES;
				GENERATE_INFOPLIST_FILE = YES;
				INFOPLIST_FILE = "Salamba Kala WatchKit Extension/Info.plist";
				INFOPLIST_KEY_CFBundleDisplayName = "Salamba Kala WatchKit Extension";
				INFOPLIST_KEY_CLKComplicationPrincipalClass = "$(PRODUCT_MODULE_NAME).ComplicationController";
				INFOPLIST_KEY_NSHumanReadableCopyright = "";
				INFOPLIST_KEY_WKRunsIndependentlyOfCompanionApp = YES;
				LD_RUNPATH_SEARCH_PATHS = (
					"$(inherited)",
					"@executable_path/Frameworks",
					"@executable_path/../../Frameworks",
				);
				MARKETING_VERSION = 1.0;
				PRODUCT_BUNDLE_IDENTIFIER = "com.geildanke.Salamba-Kala.watchkitapp.watchkitextension";
				PRODUCT_NAME = "${TARGET_NAME}";
				SDKROOT = watchos;
				SKIP_INSTALL = YES;
				SWIFT_EMIT_LOC_STRINGS = YES;
				SWIFT_VERSION = 5.0;
				TARGETED_DEVICE_FAMILY = 4;
				WATCHOS_DEPLOYMENT_TARGET = 8.0;
			};
			name = Debug;
		};
		53DA656A271C6A94007A0422 /* Release */ = {
			isa = XCBuildConfiguration;
			buildSettings = {
				ASSETCATALOG_COMPILER_COMPLICATION_NAME = Complication;
				CODE_SIGN_STYLE = Automatic;
				CURRENT_PROJECT_VERSION = 1;
				DEVELOPMENT_ASSET_PATHS = "\"Salamba Kala WatchKit Extension/Preview Content\"";
				DEVELOPMENT_TEAM = Y94Y2JXNHC;
				ENABLE_PREVIEWS = YES;
				GENERATE_INFOPLIST_FILE = YES;
				INFOPLIST_FILE = "Salamba Kala WatchKit Extension/Info.plist";
				INFOPLIST_KEY_CFBundleDisplayName = "Salamba Kala WatchKit Extension";
				INFOPLIST_KEY_CLKComplicationPrincipalClass = "$(PRODUCT_MODULE_NAME).ComplicationController";
				INFOPLIST_KEY_NSHumanReadableCopyright = "";
				INFOPLIST_KEY_WKRunsIndependentlyOfCompanionApp = YES;
				LD_RUNPATH_SEARCH_PATHS = (
					"$(inherited)",
					"@executable_path/Frameworks",
					"@executable_path/../../Frameworks",
				);
				MARKETING_VERSION = 1.0;
				PRODUCT_BUNDLE_IDENTIFIER = "com.geildanke.Salamba-Kala.watchkitapp.watchkitextension";
				PRODUCT_NAME = "${TARGET_NAME}";
				SDKROOT = watchos;
				SKIP_INSTALL = YES;
				SWIFT_EMIT_LOC_STRINGS = YES;
				SWIFT_VERSION = 5.0;
				TARGETED_DEVICE_FAMILY = 4;
				VALIDATE_PRODUCT = YES;
				WATCHOS_DEPLOYMENT_TARGET = 8.0;
			};
			name = Release;
		};
		53DA656D271C6A94007A0422 /* Debug */ = {
			isa = XCBuildConfiguration;
			buildSettings = {
				ALWAYS_EMBED_SWIFT_STANDARD_LIBRARIES = YES;
				ASSETCATALOG_COMPILER_APPICON_NAME = AppIcon;
				ASSETCATALOG_COMPILER_GLOBAL_ACCENT_COLOR_NAME = AccentColor;
				CODE_SIGN_STYLE = Automatic;
				CURRENT_PROJECT_VERSION = 1;
				DEVELOPMENT_TEAM = Y94Y2JXNHC;
				GENERATE_INFOPLIST_FILE = YES;
				IBSC_MODULE = Salamba_Kala_WatchKit_Extension;
				INFOPLIST_KEY_CFBundleDisplayName = "Salamba Kala WatchKit App";
				INFOPLIST_KEY_UISupportedInterfaceOrientations = "UIInterfaceOrientationPortrait UIInterfaceOrientationPortraitUpsideDown";
				INFOPLIST_KEY_WKCompanionAppBundleIdentifier = "com.geildanke.Salamba-Kala";
				MARKETING_VERSION = 1.0;
				PRODUCT_BUNDLE_IDENTIFIER = "com.geildanke.Salamba-Kala.watchkitapp";
				PRODUCT_NAME = "$(TARGET_NAME)";
				SDKROOT = watchos;
				SKIP_INSTALL = YES;
				SWIFT_EMIT_LOC_STRINGS = YES;
				SWIFT_VERSION = 5.0;
				TARGETED_DEVICE_FAMILY = 4;
				WATCHOS_DEPLOYMENT_TARGET = 8.0;
			};
			name = Debug;
		};
		53DA656E271C6A94007A0422 /* Release */ = {
			isa = XCBuildConfiguration;
			buildSettings = {
				ALWAYS_EMBED_SWIFT_STANDARD_LIBRARIES = YES;
				ASSETCATALOG_COMPILER_APPICON_NAME = AppIcon;
				ASSETCATALOG_COMPILER_GLOBAL_ACCENT_COLOR_NAME = AccentColor;
				CODE_SIGN_STYLE = Automatic;
				CURRENT_PROJECT_VERSION = 1;
				DEVELOPMENT_TEAM = Y94Y2JXNHC;
				GENERATE_INFOPLIST_FILE = YES;
				IBSC_MODULE = Salamba_Kala_WatchKit_Extension;
				INFOPLIST_KEY_CFBundleDisplayName = "Salamba Kala WatchKit App";
				INFOPLIST_KEY_UISupportedInterfaceOrientations = "UIInterfaceOrientationPortrait UIInterfaceOrientationPortraitUpsideDown";
				INFOPLIST_KEY_WKCompanionAppBundleIdentifier = "com.geildanke.Salamba-Kala";
				MARKETING_VERSION = 1.0;
				PRODUCT_BUNDLE_IDENTIFIER = "com.geildanke.Salamba-Kala.watchkitapp";
				PRODUCT_NAME = "$(TARGET_NAME)";
				SDKROOT = watchos;
				SKIP_INSTALL = YES;
				SWIFT_EMIT_LOC_STRINGS = YES;
				SWIFT_VERSION = 5.0;
				TARGETED_DEVICE_FAMILY = 4;
				VALIDATE_PRODUCT = YES;
				WATCHOS_DEPLOYMENT_TARGET = 8.0;
			};
			name = Release;
		};
		53DA6571271C6A94007A0422 /* Debug */ = {
			isa = XCBuildConfiguration;
			buildSettings = {
				ASSETCATALOG_COMPILER_APPICON_NAME = AppIcon;
				ASSETCATALOG_COMPILER_GLOBAL_ACCENT_COLOR_NAME = AccentColor;
				CODE_SIGN_STYLE = Automatic;
				CURRENT_PROJECT_VERSION = 1;
				DEVELOPMENT_ASSET_PATHS = "\"Salamba Kala/Preview Content\"";
				DEVELOPMENT_TEAM = Y94Y2JXNHC;
				ENABLE_PREVIEWS = YES;
				GENERATE_INFOPLIST_FILE = YES;
				INFOPLIST_KEY_UIApplicationSceneManifest_Generation = YES;
				INFOPLIST_KEY_UIApplicationSupportsIndirectInputEvents = YES;
				INFOPLIST_KEY_UILaunchScreen_Generation = YES;
				INFOPLIST_KEY_UISupportedInterfaceOrientations_iPad = "UIInterfaceOrientationPortrait UIInterfaceOrientationPortraitUpsideDown UIInterfaceOrientationLandscapeLeft UIInterfaceOrientationLandscapeRight";
				INFOPLIST_KEY_UISupportedInterfaceOrientations_iPhone = "UIInterfaceOrientationPortrait UIInterfaceOrientationLandscapeLeft UIInterfaceOrientationLandscapeRight";
				IPHONEOS_DEPLOYMENT_TARGET = 15.0;
				LD_RUNPATH_SEARCH_PATHS = (
					"$(inherited)",
					"@executable_path/Frameworks",
				);
				MARKETING_VERSION = 1.0;
				PRODUCT_BUNDLE_IDENTIFIER = "com.geildanke.Salamba-Kala";
				PRODUCT_NAME = "$(TARGET_NAME)";
				SDKROOT = iphoneos;
				SWIFT_EMIT_LOC_STRINGS = YES;
				SWIFT_VERSION = 5.0;
				TARGETED_DEVICE_FAMILY = "1,2";
			};
			name = Debug;
		};
		53DA6572271C6A94007A0422 /* Release */ = {
			isa = XCBuildConfiguration;
			buildSettings = {
				ASSETCATALOG_COMPILER_APPICON_NAME = AppIcon;
				ASSETCATALOG_COMPILER_GLOBAL_ACCENT_COLOR_NAME = AccentColor;
				CODE_SIGN_STYLE = Automatic;
				CURRENT_PROJECT_VERSION = 1;
				DEVELOPMENT_ASSET_PATHS = "\"Salamba Kala/Preview Content\"";
				DEVELOPMENT_TEAM = Y94Y2JXNHC;
				ENABLE_PREVIEWS = YES;
				GENERATE_INFOPLIST_FILE = YES;
				INFOPLIST_KEY_UIApplicationSceneManifest_Generation = YES;
				INFOPLIST_KEY_UIApplicationSupportsIndirectInputEvents = YES;
				INFOPLIST_KEY_UILaunchScreen_Generation = YES;
				INFOPLIST_KEY_UISupportedInterfaceOrientations_iPad = "UIInterfaceOrientationPortrait UIInterfaceOrientationPortraitUpsideDown UIInterfaceOrientationLandscapeLeft UIInterfaceOrientationLandscapeRight";
				INFOPLIST_KEY_UISupportedInterfaceOrientations_iPhone = "UIInterfaceOrientationPortrait UIInterfaceOrientationLandscapeLeft UIInterfaceOrientationLandscapeRight";
				IPHONEOS_DEPLOYMENT_TARGET = 15.0;
				LD_RUNPATH_SEARCH_PATHS = (
					"$(inherited)",
					"@executable_path/Frameworks",
				);
				MARKETING_VERSION = 1.0;
				PRODUCT_BUNDLE_IDENTIFIER = "com.geildanke.Salamba-Kala";
				PRODUCT_NAME = "$(TARGET_NAME)";
				SDKROOT = iphoneos;
				SWIFT_EMIT_LOC_STRINGS = YES;
				SWIFT_VERSION = 5.0;
				TARGETED_DEVICE_FAMILY = "1,2";
				VALIDATE_PRODUCT = YES;
			};
			name = Release;
		};
/* End XCBuildConfiguration section */

/* Begin XCConfigurationList section */
		53DA6532271C6A8E007A0422 /* Build configuration list for PBXProject "Salamba Kala" */ = {
			isa = XCConfigurationList;
			buildConfigurations = (
				53DA6566271C6A94007A0422 /* Debug */,
				53DA6567271C6A94007A0422 /* Release */,
			);
			defaultConfigurationIsVisible = 0;
			defaultConfigurationName = Release;
		};
		53DA6568271C6A94007A0422 /* Build configuration list for PBXNativeTarget "Salamba Kala WatchKit Extension" */ = {
			isa = XCConfigurationList;
			buildConfigurations = (
				53DA6569271C6A94007A0422 /* Debug */,
				53DA656A271C6A94007A0422 /* Release */,
			);
			defaultConfigurationIsVisible = 0;
			defaultConfigurationName = Release;
		};
		53DA656C271C6A94007A0422 /* Build configuration list for PBXNativeTarget "Salamba Kala WatchKit App" */ = {
			isa = XCConfigurationList;
			buildConfigurations = (
				53DA656D271C6A94007A0422 /* Debug */,
				53DA656E271C6A94007A0422 /* Release */,
			);
			defaultConfigurationIsVisible = 0;
			defaultConfigurationName = Release;
		};
		53DA6570271C6A94007A0422 /* Build configuration list for PBXNativeTarget "Salamba Kala" */ = {
			isa = XCConfigurationList;
			buildConfigurations = (
				53DA6571271C6A94007A0422 /* Debug */,
				53DA6572271C6A94007A0422 /* Release */,
			);
			defaultConfigurationIsVisible = 0;
			defaultConfigurationName = Release;
		};
/* End XCConfigurationList section */
	};
	rootObject = 53DA652F271C6A8E007A0422 /* Project object */;
}
